
Microsoft Visual Studio Solution File, Format Version 12.00
# Visual Studio Version 17
VisualStudioVersion = 17.14.36203.30 d17.14
MinimumVisualStudioVersion = 10.0.40219.1
Project("{FAE04EC0-301F-11D3-BF4B-00C04F79EFBC}") = "day_02_Assignment_Currency_convertwe", "day_02_Assignment_Currency_convertwe\day_02_Assignment_Currency_convertwe.csproj", "{389E770D-FA3A-47D0-BE53-4E932DC273B1}"
EndProject
Global
	GlobalSection(SolutionConfigurationPlatforms) = preSolution
		Debug|Any CPU = Debug|Any CPU
		Release|Any CPU = Release|Any CPU
	EndGlobalSection
	GlobalSection(ProjectConfigurationPlatforms) = postSolution
		{389E770D-FA3A-47D0-BE53-4E932DC273B1}.Debug|Any CPU.ActiveCfg = Debug|Any CPU
		{389E770D-FA3A-47D0-BE53-4E932DC273B1}.Debug|Any CPU.Build.0 = Debug|Any CPU
		{389E770D-FA3A-47D0-BE53-4E932DC273B1}.Release|Any CPU.ActiveCfg = Release|Any CPU
		{389E770D-FA3A-47D0-BE53-4E932DC273B1}.Release|Any CPU.Build.0 = Release|Any CPU
	EndGlobalSection
	GlobalSection(SolutionProperties) = preSolution
		HideSolutionNode = FALSE
	EndGlobalSection
	GlobalSection(ExtensibilityGlobals) = postSolution
		SolutionGuid = {B5433838-F304-4197-AEC5-7DFE443D0EAD}
	EndGlobalSection
EndGlobal
